
Microsoft Visual Studio Solution File, Format Version 12.00
# Visual Studio Version 17
VisualStudioVersion = 17.6.33815.320
MinimumVisualStudioVersion = 10.0.40219.1
Project("{FAE04EC0-301F-11D3-BF4B-00C04F79EFBC}") = "HackerNews-Service", "HackerNews-Service\HackerNews-Service.csproj", "{7A66A333-F26C-475D-9F75-C3D6C28DC069}"
EndProject
Global
	GlobalSection(SolutionConfigurationPlatforms) = preSolution
		Debug|Any CPU = Debug|Any CPU
		Release|Any CPU = Release|Any CPU
	EndGlobalSection
	GlobalSection(ProjectConfigurationPlatforms) = postSolution
		{7A66A333-F26C-475D-9F75-C3D6C28DC069}.Debug|Any CPU.ActiveCfg = Debug|Any CPU
		{7A66A333-F26C-475D-9F75-C3D6C28DC069}.Debug|Any CPU.Build.0 = Debug|Any CPU
		{7A66A333-F26C-475D-9F75-C3D6C28DC069}.Release|Any CPU.ActiveCfg = Release|Any CPU
		{7A66A333-F26C-475D-9F75-C3D6C28DC069}.Release|Any CPU.Build.0 = Release|Any CPU
	EndGlobalSection
	GlobalSection(SolutionProperties) = preSolution
		HideSolutionNode = FALSE
	EndGlobalSection
	GlobalSection(ExtensibilityGlobals) = postSolution
		SolutionGuid = {2E94B281-93CF-41B1-8EA2-C2664A64278F}
	EndGlobalSection
EndGlobal
